// !$*UTF8*$!
{
	archiveVersion = 1;
	classes = {
	};
	objectVersion = 46;
	objects = {

/* Begin PBXBuildFile section */
		F5E232DF1BE769BC00AEA061 /* main.m in Sources */ = {isa = PBXBuildFile; fileRef = F5E232DE1BE769BC00AEA061 /* main.m */; };
		F5E232E21BE769BC00AEA061 /* AppDelegate.m in Sources */ = {isa = PBXBuildFile; fileRef = F5E232E11BE769BC00AEA061 /* AppDelegate.m */; };
		F5E232E51BE769BC00AEA061 /* ViewController.m in Sources */ = {isa = PBXBuildFile; fileRef = F5E232E41BE769BC00AEA061 /* ViewController.m */; };
		F5E232E81BE769BC00AEA061 /* Main.storyboard in Resources */ = {isa = PBXBuildFile; fileRef = F5E232E61BE769BC00AEA061 /* Main.storyboard */; };
		F5E232EA1BE769BC00AEA061 /* Assets.xcassets in Resources */ = {isa = PBXBuildFile; fileRef = F5E232E91BE769BC00AEA061 /* Assets.xcassets */; };
		F5E232ED1BE769BC00AEA061 /* LaunchScreen.storyboard in Resources */ = {isa = PBXBuildFile; fileRef = F5E232EB1BE769BC00AEA061 /* LaunchScreen.storyboard */; };
		F5E232F81BE769BC00AEA061 /* XMPPTempletTests.m in Sources */ = {isa = PBXBuildFile; fileRef = F5E232F71BE769BC00AEA061 /* XMPPTempletTests.m */; };
		F5E233031BE769BD00AEA061 /* XMPPTempletUITests.m in Sources */ = {isa = PBXBuildFile; fileRef = F5E233021BE769BD00AEA061 /* XMPPTempletUITests.m */; };
/* End PBXBuildFile section */

/* Begin PBXContainerItemProxy section */
		F5E232F41BE769BC00AEA061 /* PBXContainerItemProxy */ = {
			isa = PBXContainerItemProxy;
			containerPortal = F5E232D21BE769BC00AEA061 /* Project object */;
			proxyType = 1;
			remoteGlobalIDString = F5E232D91BE769BC00AEA061;
			remoteInfo = XMPPTemplet;
		};
		F5E232FF1BE769BD00AEA061 /* PBXContainerItemProxy */ = {
			isa = PBXContainerItemProxy;
			containerPortal = F5E232D21BE769BC00AEA061 /* Project object */;
			proxyType = 1;
			remoteGlobalIDString = F5E232D91BE769BC00AEA061;
			remoteInfo = XMPPTemplet;
		};
/* End PBXContainerItemProxy section */

/* Begin PBXFileReference section */
		F5E232DA1BE769BC00AEA061 /* XMPPTemplet.app */ = {isa = PBXFileReference; explicitFileType = wrapper.application; includeInIndex = 0; path = XMPPTemplet.app; sourceTree = BUILT_PRODUCTS_DIR; };
		F5E232DE1BE769BC00AEA061 /* main.m */ = {isa = PBXFileReference; lastKnownFileType = sourcecode.c.objc; path = main.m; sourceTree = "<group>"; };
		F5E232E01BE769BC00AEA061 /* AppDelegate.h */ = {isa = PBXFileReference; lastKnownFileType = sourcecode.c.h; path = AppDelegate.h; sourceTree = "<group>"; };
		F5E232E11BE769BC00AEA061 /* AppDelegate.m */ = {isa = PBXFileReference; lastKnownFileType = sourcecode.c.objc; path = AppDelegate.m; sourceTree = "<group>"; };
		F5E232E31BE769BC00AEA061 /* ViewController.h */ = {isa = PBXFileReference; lastKnownFileType = sourcecode.c.h; path = ViewController.h; sourceTree = "<group>"; };
		F5E232E41BE769BC00AEA061 /* ViewController.m */ = {isa = PBXFileReference; lastKnownFileType = sourcecode.c.objc; path = ViewController.m; sourceTree = "<group>"; };
		F5E232E71BE769BC00AEA061 /* Base */ = {isa = PBXFileReference; lastKnownFileType = file.storyboard; name = Base; path = Base.lproj/Main.storyboard; sourceTree = "<group>"; };
		F5E232E91BE769BC00AEA061 /* Assets.xcassets */ = {isa = PBXFileReference; lastKnownFileType = folder.assetcatalog; path = Assets.xcassets; sourceTree = "<group>"; };
		F5E232EC1BE769BC00AEA061 /* Base */ = {isa = PBXFileReference; lastKnownFileType = file.storyboard; name = Base; path = Base.lproj/LaunchScreen.storyboard; sourceTree = "<group>"; };
		F5E232EE1BE769BC00AEA061 /* Info.plist */ = {isa = PBXFileReference; lastKnownFileType = text.plist.xml; path = Info.plist; sourceTree = "<group>"; };
		F5E232F31BE769BC00AEA061 /* XMPPTempletTests.xctest */ = {isa = PBXFileReference; explicitFileType = wrapper.cfbundle; includeInIndex = 0; path = XMPPTempletTests.xctest; sourceTree = BUILT_PRODUCTS_DIR; };
		F5E232F71BE769BC00AEA061 /* XMPPTempletTests.m */ = {isa = PBXFileReference; lastKnownFileType = sourcecode.c.objc; path = XMPPTempletTests.m; sourceTree = "<group>"; };
		F5E232F91BE769BC00AEA061 /* Info.plist */ = {isa = PBXFileReference; lastKnownFileType = text.plist.xml; path = Info.plist; sourceTree = "<group>"; };
		F5E232FE1BE769BD00AEA061 /* XMPPTempletUITests.xctest */ = {isa = PBXFileReference; explicitFileType = wrapper.cfbundle; includeInIndex = 0; path = XMPPTempletUITests.xctest; sourceTree = BUILT_PRODUCTS_DIR; };
		F5E233021BE769BD00AEA061 /* XMPPTempletUITests.m */ = {isa = PBXFileReference; lastKnownFileType = sourcecode.c.objc; path = XMPPTempletUITests.m; sourceTree = "<group>"; };
		F5E233041BE769BD00AEA061 /* Info.plist */ = {isa = PBXFileReference; lastKnownFileType = text.plist.xml; path = Info.plist; sourceTree = "<group>"; };
/* End PBXFileReference section */

/* Begin PBXFrameworksBuildPhase section */
		F5E232D71BE769BC00AEA061 /* Frameworks */ = {
			isa = PBXFrameworksBuildPhase;
			buildActionMask = 2147483647;
			files = (
			);
			runOnlyForDeploymentPostprocessing = 0;
		};
		F5E232F01BE769BC00AEA061 /* Frameworks */ = {
			isa = PBXFrameworksBuildPhase;
			buildActionMask = 2147483647;
			files = (
			);
			runOnlyForDeploymentPostprocessing = 0;
		};
		F5E232FB1BE769BD00AEA061 /* Frameworks */ = {
			isa = PBXFrameworksBuildPhase;
			buildActionMask = 2147483647;
			files = (
			);
			runOnlyForDeploymentPostprocessing = 0;
		};
/* End PBXFrameworksBuildPhase section */

/* Begin PBXGroup section */
		F5E232D11BE769BC00AEA061 = {
			isa = PBXGroup;
			children = (
				F5E232DC1BE769BC00AEA061 /* XMPPTemplet */,
				F5E232F61BE769BC00AEA061 /* XMPPTempletTests */,
				F5E233011BE769BD00AEA061 /* XMPPTempletUITests */,
				F5E232DB1BE769BC00AEA061 /* Products */,
			);
			sourceTree = "<group>";
		};
		F5E232DB1BE769BC00AEA061 /* Products */ = {
			isa = PBXGroup;
			children = (
				F5E232DA1BE769BC00AEA061 /* XMPPTemplet.app */,
				F5E232F31BE769BC00AEA061 /* XMPPTempletTests.xctest */,
				F5E232FE1BE769BD00AEA061 /* XMPPTempletUITests.xctest */,
			);
			name = Products;
			sourceTree = "<group>";
		};
		F5E232DC1BE769BC00AEA061 /* XMPPTemplet */ = {
			isa = PBXGroup;
			children = (
				F5E232E01BE769BC00AEA061 /* AppDelegate.h */,
				F5E232E11BE769BC00AEA061 /* AppDelegate.m */,
				F5E232E31BE769BC00AEA061 /* ViewController.h */,
				F5E232E41BE769BC00AEA061 /* ViewController.m */,
				F5E232E61BE769BC00AEA061 /* Main.storyboard */,
				F5E232E91BE769BC00AEA061 /* Assets.xcassets */,
				F5E232EB1BE769BC00AEA061 /* LaunchScreen.storyboard */,
				F5E232EE1BE769BC00AEA061 /* Info.plist */,
				F5E232DD1BE769BC00AEA061 /* Supporting Files */,
			);
			path = XMPPTemplet;
			sourceTree = "<group>";
		};
		F5E232DD1BE769BC00AEA061 /* Supporting Files */ = {
			isa = PBXGroup;
			children = (
				F5E232DE1BE769BC00AEA061 /* main.m */,
			);
			name = "Supporting Files";
			sourceTree = "<group>";
		};
		F5E232F61BE769BC00AEA061 /* XMPPTempletTests */ = {
			isa = PBXGroup;
			children = (
				F5E232F71BE769BC00AEA061 /* XMPPTempletTests.m */,
				F5E232F91BE769BC00AEA061 /* Info.plist */,
			);
			path = XMPPTempletTests;
			sourceTree = "<group>";
		};
		F5E233011BE769BD00AEA061 /* XMPPTempletUITests */ = {
			isa = PBXGroup;
			children = (
				F5E233021BE769BD00AEA061 /* XMPPTempletUITests.m */,
				F5E233041BE769BD00AEA061 /* Info.plist */,
			);
			path = XMPPTempletUITests;
			sourceTree = "<group>";
		};
/* End PBXGroup section */

/* Begin PBXNativeTarget section */
		F5E232D91BE769BC00AEA061 /* XMPPTemplet */ = {
			isa = PBXNativeTarget;
			buildConfigurationList = F5E233071BE769BD00AEA061 /* Build configuration list for PBXNativeTarget "XMPPTemplet" */;
			buildPhases = (
				F5E232D61BE769BC00AEA061 /* Sources */,
				F5E232D71BE769BC00AEA061 /* Frameworks */,
				F5E232D81BE769BC00AEA061 /* Resources */,
			);
			buildRules = (
			);
			dependencies = (
			);
			name = XMPPTemplet;
			productName = XMPPTemplet;
			productReference = F5E232DA1BE769BC00AEA061 /* XMPPTemplet.app */;
			productType = "com.apple.product-type.application";
		};
		F5E232F21BE769BC00AEA061 /* XMPPTempletTests */ = {
			isa = PBXNativeTarget;
			buildConfigurationList = F5E2330A1BE769BD00AEA061 /* Build configuration list for PBXNativeTarget "XMPPTempletTests" */;
			buildPhases = (
				F5E232EF1BE769BC00AEA061 /* Sources */,
				F5E232F01BE769BC00AEA061 /* Frameworks */,
				F5E232F11BE769BC00AEA061 /* Resources */,
			);
			buildRules = (
			);
			dependencies = (
				F5E232F51BE769BC00AEA061 /* PBXTargetDependency */,
			);
			name = XMPPTempletTests;
			productName = XMPPTempletTests;
			productReference = F5E232F31BE769BC00AEA061 /* XMPPTempletTests.xctest */;
			productType = "com.apple.product-type.bundle.unit-test";
		};
		F5E232FD1BE769BD00AEA061 /* XMPPTempletUITests */ = {
			isa = PBXNativeTarget;
			buildConfigurationList = F5E2330D1BE769BD00AEA061 /* Build configuration list for PBXNativeTarget "XMPPTempletUITests" */;
			buildPhases = (
				F5E232FA1BE769BD00AEA061 /* Sources */,
				F5E232FB1BE769BD00AEA061 /* Frameworks */,
				F5E232FC1BE769BD00AEA061 /* Resources */,
			);
			buildRules = (
			);
			dependencies = (
				F5E233001BE769BD00AEA061 /* PBXTargetDependency */,
			);
			name = XMPPTempletUITests;
			productName = XMPPTempletUITests;
			productReference = F5E232FE1BE769BD00AEA061 /* XMPPTempletUITests.xctest */;
			productType = "com.apple.product-type.bundle.ui-testing";
		};
/* End PBXNativeTarget section */

/* Begin PBXProject section */
		F5E232D21BE769BC00AEA061 /* Project object */ = {
			isa = PBXProject;
			attributes = {
				LastUpgradeCheck = 0710;
				ORGANIZATIONNAME = admin;
				TargetAttributes = {
					F5E232D91BE769BC00AEA061 = {
						CreatedOnToolsVersion = 7.1;
						DevelopmentTeam = 832QR2A7CG;
					};
					F5E232F21BE769BC00AEA061 = {
						CreatedOnToolsVersion = 7.1;
						DevelopmentTeam = 832QR2A7CG;
						TestTargetID = F5E232D91BE769BC00AEA061;
					};
					F5E232FD1BE769BD00AEA061 = {
						CreatedOnToolsVersion = 7.1;
						DevelopmentTeam = 832QR2A7CG;
						TestTargetID = F5E232D91BE769BC00AEA061;
					};
				};
			};
			buildConfigurationList = F5E232D51BE769BC00AEA061 /* Build configuration list for PBXProject "XMPPTemplet" */;
			compatibilityVersion = "Xcode 3.2";
			developmentRegion = English;
			hasScannedForEncodings = 0;
			knownRegions = (
				en,
				Base,
			);
			mainGroup = F5E232D11BE769BC00AEA061;
			productRefGroup = F5E232DB1BE769BC00AEA061 /* Products */;
			projectDirPath = "";
			projectRoot = "";
			targets = (
				F5E232D91BE769BC00AEA061 /* XMPPTemplet */,
				F5E232F21BE769BC00AEA061 /* XMPPTempletTests */,
				F5E232FD1BE769BD00AEA061 /* XMPPTempletUITests */,
			);
		};
/* End PBXProject section */

/* Begin PBXResourcesBuildPhase section */
		F5E232D81BE769BC00AEA061 /* Resources */ = {
			isa = PBXResourcesBuildPhase;
			buildActionMask = 2147483647;
			files = (
				F5E232ED1BE769BC00AEA061 /* LaunchScreen.storyboard in Resources */,
				F5E232EA1BE769BC00AEA061 /* Assets.xcassets in Resources */,
				F5E232E81BE769BC00AEA061 /* Main.storyboard in Resources */,
			);
			runOnlyForDeploymentPostprocessing = 0;
		};
		F5E232F11BE769BC00AEA061 /* Resources */ = {
			isa = PBXResourcesBuildPhase;
			buildActionMask = 2147483647;
			files = (
			);
			runOnlyForDeploymentPostprocessing = 0;
		};
		F5E232FC1BE769BD00AEA061 /* Resources */ = {
			isa = PBXResourcesBuildPhase;
			buildActionMask = 2147483647;
			files = (
			);
			runOnlyForDeploymentPostprocessing = 0;
		};
/* End PBXResourcesBuildPhase section */

/* Begin PBXSourcesBuildPhase section */
		F5E232D61BE769BC00AEA061 /* Sources */ = {
			isa = PBXSourcesBuildPhase;
			buildActionMask = 2147483647;
			files = (
				F5E232E51BE769BC00AEA061 /* ViewController.m in Sources */,
				F5E232E21BE769BC00AEA061 /* AppDelegate.m in Sources */,
				F5E232DF1BE769BC00AEA061 /* main.m in Sources */,
			);
			runOnlyForDeploymentPostprocessing = 0;
		};
		F5E232EF1BE769BC00AEA061 /* Sources */ = {
			isa = PBXSourcesBuildPhase;
			buildActionMask = 2147483647;
			files = (
				F5E232F81BE769BC00AEA061 /* XMPPTempletTests.m in Sources */,
			);
			runOnlyForDeploymentPostprocessing = 0;
		};
		F5E232FA1BE769BD00AEA061 /* Sources */ = {
			isa = PBXSourcesBuildPhase;
			buildActionMask = 2147483647;
			files = (
				F5E233031BE769BD00AEA061 /* XMPPTempletUITests.m in Sources */,
			);
			runOnlyForDeploymentPostprocessing = 0;
		};
/* End PBXSourcesBuildPhase section */

/* Begin PBXTargetDependency section */
		F5E232F51BE769BC00AEA061 /* PBXTargetDependency */ = {
			isa = PBXTargetDependency;
			target = F5E232D91BE769BC00AEA061 /* XMPPTemplet */;
			targetProxy = F5E232F41BE769BC00AEA061 /* PBXContainerItemProxy */;
		};
		F5E233001BE769BD00AEA061 /* PBXTargetDependency */ = {
			isa = PBXTargetDependency;
			target = F5E232D91BE769BC00AEA061 /* XMPPTemplet */;
			targetProxy = F5E232FF1BE769BD00AEA061 /* PBXContainerItemProxy */;
		};
/* End PBXTargetDependency section */

/* Begin PBXVariantGroup section */
		F5E232E61BE769BC00AEA061 /* Main.storyboard */ = {
			isa = PBXVariantGroup;
			children = (
				F5E232E71BE769BC00AEA061 /* Base */,
			);
			name = Main.storyboard;
			sourceTree = "<group>";
		};
		F5E232EB1BE769BC00AEA061 /* LaunchScreen.storyboard */ = {
			isa = PBXVariantGroup;
			children = (
				F5E232EC1BE769BC00AEA061 /* Base */,
			);
			name = LaunchScreen.storyboard;
			sourceTree = "<group>";
		};
/* End PBXVariantGroup section */

/* Begin XCBuildConfiguration section */
		F5E233051BE769BD00AEA061 /* Debug */ = {
			isa = XCBuildConfiguration;
			buildSettings = {
				ALWAYS_SEARCH_USER_PATHS = NO;
				CLANG_CXX_LANGUAGE_STANDARD = "gnu++0x";
				CLANG_CXX_LIBRARY = "libc++";
				CLANG_ENABLE_MODULES = YES;
				CLANG_ENABLE_OBJC_ARC = YES;
				CLANG_WARN_BOOL_CONVERSION = YES;
				CLANG_WARN_CONSTANT_CONVERSION = YES;
				CLANG_WARN_DIRECT_OBJC_ISA_USAGE = YES_ERROR;
				CLANG_WARN_EMPTY_BODY = YES;
				CLANG_WARN_ENUM_CONVERSION = YES;
				CLANG_WARN_INT_CONVERSION = YES;
				CLANG_WARN_OBJC_ROOT_CLASS = YES_ERROR;
				CLANG_WARN_UNREACHABLE_CODE = YES;
				CLANG_WARN__DUPLICATE_METHOD_MATCH = YES;
				"CODE_SIGN_IDENTITY[sdk=iphoneos*]" = "iPhone Developer";
				COPY_PHASE_STRIP = NO;
				DEBUG_INFORMATION_FORMAT = dwarf;
				ENABLE_STRICT_OBJC_MSGSEND = YES;
				ENABLE_TESTABILITY = YES;
				GCC_C_LANGUAGE_STANDARD = gnu99;
				GCC_DYNAMIC_NO_PIC = NO;
				GCC_NO_COMMON_BLOCKS = YES;
				GCC_OPTIMIZATION_LEVEL = 0;
				GCC_PREPROCESSOR_DEFINITIONS = (
					"DEBUG=1",
					"$(inherited)",
				);
				GCC_WARN_64_TO_32_BIT_CONVERSION = YES;
				GCC_WARN_ABOUT_RETURN_TYPE = YES_ERROR;
				GCC_WARN_UNDECLARED_SELECTOR = YES;
				GCC_WARN_UNINITIALIZED_AUTOS = YES_AGGRESSIVE;
				GCC_WARN_UNUSED_FUNCTION = YES;
				GCC_WARN_UNUSED_VARIABLE = YES;
				IPHONEOS_DEPLOYMENT_TARGET = 9.1;
				MTL_ENABLE_DEBUG_INFO = YES;
				ONLY_ACTIVE_ARCH = YES;
				SDKROOT = iphoneos;
				TARGETED_DEVICE_FAMILY = "1,2";
			};
			name = Debug;
		};
		F5E233061BE769BD00AEA061 /* Release */ = {
			isa = XCBuildConfiguration;
			buildSettings = {
				ALWAYS_SEARCH_USER_PATHS = NO;
				CLANG_CXX_LANGUAGE_STANDARD = "gnu++0x";
				CLANG_CXX_LIBRARY = "libc++";
				CLANG_ENABLE_MODULES = YES;
				CLANG_ENABLE_OBJC_ARC = YES;
				CLANG_WARN_BOOL_CONVERSION = YES;
				CLANG_WARN_CONSTANT_CONVERSION = YES;
				CLANG_WARN_DIRECT_OBJC_ISA_USAGE = YES_ERROR;
				CLANG_WARN_EMPTY_BODY = YES;
				CLANG_WARN_ENUM_CONVERSION = YES;
				CLANG_WARN_INT_CONVERSION = YES;
				CLANG_WARN_OBJC_ROOT_CLASS = YES_ERROR;
				CLANG_WARN_UNREACHABLE_CODE = YES;
				CLANG_WARN__DUPLICATE_METHOD_MATCH = YES;
				"CODE_SIGN_IDENTITY[sdk=iphoneos*]" = "iPhone Developer";
				COPY_PHASE_STRIP = NO;
				DEBUG_INFORMATION_FORMAT = "dwarf-with-dsym";
				ENABLE_NS_ASSERTIONS = NO;
				ENABLE_STRICT_OBJC_MSGSEND = YES;
				GCC_C_LANGUAGE_STANDARD = gnu99;
				GCC_NO_COMMON_BLOCKS = YES;
				GCC_WARN_64_TO_32_BIT_CONVERSION = YES;
				GCC_WARN_ABOUT_RETURN_TYPE = YES_ERROR;
				GCC_WARN_UNDECLARED_SELECTOR = YES;
				GCC_WARN_UNINITIALIZED_AUTOS = YES_AGGRESSIVE;
				GCC_WARN_UNUSED_FUNCTION = YES;
				GCC_WARN_UNUSED_VARIABLE = YES;
				IPHONEOS_DEPLOYMENT_TARGET = 9.1;
				MTL_ENABLE_DEBUG_INFO = NO;
				SDKROOT = iphoneos;
				TARGETED_DEVICE_FAMILY = "1,2";
				VALIDATE_PRODUCT = YES;
			};
			name = Release;
		};
		F5E233081BE769BD00AEA061 /* Debug */ = {
			isa = XCBuildConfiguration;
			buildSettings = {
				ASSETCATALOG_COMPILER_APPICON_NAME = AppIcon;
				INFOPLIST_FILE = XMPPTemplet/Info.plist;
				LD_RUNPATH_SEARCH_PATHS = "$(inherited) @executable_path/Frameworks";
				PRODUCT_BUNDLE_IDENTIFIER = test.XMPPTemplet;
				PRODUCT_NAME = "$(TARGET_NAME)";
			};
			name = Debug;
		};
		F5E233091BE769BD00AEA061 /* Release */ = {
			isa = XCBuildConfiguration;
			buildSettings = {
				ASSETCATALOG_COMPILER_APPICON_NAME = AppIcon;
				INFOPLIST_FILE = XMPPTemplet/Info.plist;
				LD_RUNPATH_SEARCH_PATHS = "$(inherited) @executable_path/Frameworks";
				PRODUCT_BUNDLE_IDENTIFIER = test.XMPPTemplet;
				PRODUCT_NAME = "$(TARGET_NAME)";
			};
			name = Release;
		};
		F5E2330B1BE769BD00AEA061 /* Debug */ = {
			isa = XCBuildConfiguration;
			buildSettings = {
				BUNDLE_LOADER = "$(TEST_HOST)";
				INFOPLIST_FILE = XMPPTempletTests/Info.plist;
				LD_RUNPATH_SEARCH_PATHS = "$(inherited) @executable_path/Frameworks @loader_path/Frameworks";
				PRODUCT_BUNDLE_IDENTIFIER = test.XMPPTempletTests;
				PRODUCT_NAME = "$(TARGET_NAME)";
				TEST_HOST = "$(BUILT_PRODUCTS_DIR)/XMPPTemplet.app/XMPPTemplet";
			};
			name = Debug;
		};
		F5E2330C1BE769BD00AEA061 /* Release */ = {
			isa = XCBuildConfiguration;
			buildSettings = {
				BUNDLE_LOADER = "$(TEST_HOST)";
				INFOPLIST_FILE = XMPPTempletTests/Info.plist;
				LD_RUNPATH_SEARCH_PATHS = "$(inherited) @executable_path/Frameworks @loader_path/Frameworks";
				PRODUCT_BUNDLE_IDENTIFIER = test.XMPPTempletTests;
				PRODUCT_NAME = "$(TARGET_NAME)";
				TEST_HOST = "$(BUILT_PRODUCTS_DIR)/XMPPTemplet.app/XMPPTemplet";
			};
			name = Release;
		};
		F5E2330E1BE769BD00AEA061 /* Debug */ = {
			isa = XCBuildConfiguration;
			buildSettings = {
				INFOPLIST_FILE = XMPPTempletUITests/Info.plist;
				LD_RUNPATH_SEARCH_PATHS = "$(inherited) @executable_path/Frameworks @loader_path/Frameworks";
				PRODUCT_BUNDLE_IDENTIFIER = test.XMPPTempletUITests;
				PRODUCT_NAME = "$(TARGET_NAME)";
				TEST_TARGET_NAME = XMPPTemplet;
				USES_XCTRUNNER = YES;
			};
			name = Debug;
		};
		F5E2330F1BE769BD00AEA061 /* Release */ = {
			isa = XCBuildConfiguration;
			buildSettings = {
				INFOPLIST_FILE = XMPPTempletUITests/Info.plist;
				LD_RUNPATH_SEARCH_PATHS = "$(inherited) @executable_path/Frameworks @loader_path/Frameworks";
				PRODUCT_BUNDLE_IDENTIFIER = test.XMPPTempletUITests;
				PRODUCT_NAME = "$(TARGET_NAME)";
				TEST_TARGET_NAME = XMPPTemplet;
				USES_XCTRUNNER = YES;
			};
			name = Release;
		};
/* End XCBuildConfiguration section */

/* Begin XCConfigurationList section */
		F5E232D51BE769BC00AEA061 /* Build configuration list for PBXProject "XMPPTemplet" */ = {
			isa = XCConfigurationList;
			buildConfigurations = (
				F5E233051BE769BD00AEA061 /* Debug */,
				F5E233061BE769BD00AEA061 /* Release */,
			);
			defaultConfigurationIsVisible = 0;
			defaultConfigurationName = Release;
		};
		F5E233071BE769BD00AEA061 /* Build configuration list for PBXNativeTarget "XMPPTemplet" */ = {
			isa = XCConfigurationList;
			buildConfigurations = (
				F5E233081BE769BD00AEA061 /* Debug */,
				F5E233091BE769BD00AEA061 /* Release */,
			);
			defaultConfigurationIsVisible = 0;
		};
		F5E2330A1BE769BD00AEA061 /* Build configuration list for PBXNativeTarget "XMPPTempletTests" */ = {
			isa = XCConfigurationList;
			buildConfigurations = (
				F5E2330B1BE769BD00AEA061 /* Debug */,
				F5E2330C1BE769BD00AEA061 /* Release */,
			);
			defaultConfigurationIsVisible = 0;
		};
		F5E2330D1BE769BD00AEA061 /* Build configuration list for PBXNativeTarget "XMPPTempletUITests" */ = {
			isa = XCConfigurationList;
			buildConfigurations = (
				F5E2330E1BE769BD00AEA061 /* Debug */,
				F5E2330F1BE769BD00AEA061 /* Release */,
			);
			defaultConfigurationIsVisible = 0;
		};
/* End XCConfigurationList section */
	};
	rootObject = F5E232D21BE769BC00AEA061 /* Project object */;
}
